
Microsoft Visual Studio Solution File, Format Version 12.00
# Visual Studio 15
VisualStudioVersion = 15.0.28010.2036
MinimumVisualStudioVersion = 10.0.40219.1
Project("{E53339B2-1760-4266-BCC7-CA923CBCF16C}") = "docker-compose", "docker-compose.dcproj", "{F12D7C5B-C526-47EA-A3EE-6967865F4538}"
EndProject
Project("{2150E333-8FDC-42A3-9474-1A3956D46DE8}") = "src", "src", "{C7BE81AF-A4CA-4A69-B619-7C394ACD5038}"
EndProject
Project("{2150E333-8FDC-42A3-9474-1A3956D46DE8}") = "Services", "Services", "{C630A441-9D41-4E4A-AA29-8F9A05FE866E}"
EndProject
Project("{9A19103F-16F7-4668-BE54-9A1E7A4F7556}") = "TVShows.API", "src\Services\TVShows.API\TVShows.API.csproj", "{655CFCE2-8AA3-4D12-A07D-F8659F761A75}"
EndProject
Project("{2150E333-8FDC-42A3-9474-1A3956D46DE8}") = "SolutionItems", "SolutionItems", "{1C75369B-FC53-4EE2-AF0C-6813789847DC}"
EndProject
Project("{2150E333-8FDC-42A3-9474-1A3956D46DE8}") = "BuildingBlocks", "BuildingBlocks", "{C34F2EB6-8460-4A0A-BEA9-B49D2BA24E95}"
EndProject
Project("{2150E333-8FDC-42A3-9474-1A3956D46DE8}") = "EventBus", "EventBus", "{BA3F4047-4D8A-41EA-9D01-FF635D4B0683}"
EndProject
Project("{9A19103F-16F7-4668-BE54-9A1E7A4F7556}") = "RabbitMQ", "src\BuildingBlocks\EventBus\EventBusRabbitMQ\RabbitMQ.csproj", "{8B415521-25A1-45E7-A008-D59D323EDB0A}"
EndProject
Project("{9A19103F-16F7-4668-BE54-9A1E7A4F7556}") = "Common", "src\BuildingBlocks\EventBus\EventBus.Common\Common.csproj", "{790A1FEA-135E-481C-9223-A71130147791}"
EndProject
Project("{9A19103F-16F7-4668-BE54-9A1E7A4F7556}") = "TVMaze.Scrapper", "src\Services\TVMaze.Scrapper\TVMaze.Scrapper.csproj", "{805CAEF7-03CC-43A7-8E91-7333E518FFE8}"
EndProject
Project("{9A19103F-16F7-4668-BE54-9A1E7A4F7556}") = "TVMaze.Domain", "src\BuildingBlocks\TVMaze.Domain\TVMaze.Domain.csproj", "{2AED64AA-98DE-4C46-A3F7-6246848A8AC6}"
EndProject
Global
	GlobalSection(SolutionConfigurationPlatforms) = preSolution
		Debug|Any CPU = Debug|Any CPU
		Release|Any CPU = Release|Any CPU
	EndGlobalSection
	GlobalSection(ProjectConfigurationPlatforms) = postSolution
		{F12D7C5B-C526-47EA-A3EE-6967865F4538}.Debug|Any CPU.ActiveCfg = Debug|Any CPU
		{F12D7C5B-C526-47EA-A3EE-6967865F4538}.Debug|Any CPU.Build.0 = Debug|Any CPU
		{F12D7C5B-C526-47EA-A3EE-6967865F4538}.Release|Any CPU.ActiveCfg = Release|Any CPU
		{F12D7C5B-C526-47EA-A3EE-6967865F4538}.Release|Any CPU.Build.0 = Release|Any CPU
		{655CFCE2-8AA3-4D12-A07D-F8659F761A75}.Debug|Any CPU.ActiveCfg = Debug|Any CPU
		{655CFCE2-8AA3-4D12-A07D-F8659F761A75}.Debug|Any CPU.Build.0 = Debug|Any CPU
		{655CFCE2-8AA3-4D12-A07D-F8659F761A75}.Release|Any CPU.ActiveCfg = Release|Any CPU
		{655CFCE2-8AA3-4D12-A07D-F8659F761A75}.Release|Any CPU.Build.0 = Release|Any CPU
		{8B415521-25A1-45E7-A008-D59D323EDB0A}.Debug|Any CPU.ActiveCfg = Debug|Any CPU
		{8B415521-25A1-45E7-A008-D59D323EDB0A}.Debug|Any CPU.Build.0 = Debug|Any CPU
		{8B415521-25A1-45E7-A008-D59D323EDB0A}.Release|Any CPU.ActiveCfg = Release|Any CPU
		{8B415521-25A1-45E7-A008-D59D323EDB0A}.Release|Any CPU.Build.0 = Release|Any CPU
		{790A1FEA-135E-481C-9223-A71130147791}.Debug|Any CPU.ActiveCfg = Debug|Any CPU
		{790A1FEA-135E-481C-9223-A71130147791}.Debug|Any CPU.Build.0 = Debug|Any CPU
		{790A1FEA-135E-481C-9223-A71130147791}.Release|Any CPU.ActiveCfg = Release|Any CPU
		{790A1FEA-135E-481C-9223-A71130147791}.Release|Any CPU.Build.0 = Release|Any CPU
		{805CAEF7-03CC-43A7-8E91-7333E518FFE8}.Debug|Any CPU.ActiveCfg = Debug|Any CPU
		{805CAEF7-03CC-43A7-8E91-7333E518FFE8}.Debug|Any CPU.Build.0 = Debug|Any CPU
		{805CAEF7-03CC-43A7-8E91-7333E518FFE8}.Release|Any CPU.ActiveCfg = Release|Any CPU
		{805CAEF7-03CC-43A7-8E91-7333E518FFE8}.Release|Any CPU.Build.0 = Release|Any CPU
		{2AED64AA-98DE-4C46-A3F7-6246848A8AC6}.Debug|Any CPU.ActiveCfg = Debug|Any CPU
		{2AED64AA-98DE-4C46-A3F7-6246848A8AC6}.Debug|Any CPU.Build.0 = Debug|Any CPU
		{2AED64AA-98DE-4C46-A3F7-6246848A8AC6}.Release|Any CPU.ActiveCfg = Release|Any CPU
		{2AED64AA-98DE-4C46-A3F7-6246848A8AC6}.Release|Any CPU.Build.0 = Release|Any CPU
	EndGlobalSection
	GlobalSection(SolutionProperties) = preSolution
		HideSolutionNode = FALSE
	EndGlobalSection
	GlobalSection(NestedProjects) = preSolution
		{C630A441-9D41-4E4A-AA29-8F9A05FE866E} = {C7BE81AF-A4CA-4A69-B619-7C394ACD5038}
		{655CFCE2-8AA3-4D12-A07D-F8659F761A75} = {C630A441-9D41-4E4A-AA29-8F9A05FE866E}
		{C34F2EB6-8460-4A0A-BEA9-B49D2BA24E95} = {C7BE81AF-A4CA-4A69-B619-7C394ACD5038}
		{BA3F4047-4D8A-41EA-9D01-FF635D4B0683} = {C34F2EB6-8460-4A0A-BEA9-B49D2BA24E95}
		{8B415521-25A1-45E7-A008-D59D323EDB0A} = {BA3F4047-4D8A-41EA-9D01-FF635D4B0683}
		{790A1FEA-135E-481C-9223-A71130147791} = {BA3F4047-4D8A-41EA-9D01-FF635D4B0683}
		{805CAEF7-03CC-43A7-8E91-7333E518FFE8} = {C630A441-9D41-4E4A-AA29-8F9A05FE866E}
		{2AED64AA-98DE-4C46-A3F7-6246848A8AC6} = {C34F2EB6-8460-4A0A-BEA9-B49D2BA24E95}
	EndGlobalSection
	GlobalSection(ExtensibilityGlobals) = postSolution
		SolutionGuid = {3A7F0C87-1F31-4323-977E-B4032DFC0918}
	EndGlobalSection
EndGlobal
